github.com/deckarep/golang-set/v2 v2.3.0 h1:qs18EKUfHm2X9fA50Mr/M5hccg2tNnVqsiBImnyDs0g=
github.com/deckarep/golang-set/v2 v2.3.0/go.mod h1:VAky9rY/yGXJOLEDv3OMci+7wtDpOF4IN+y82NBOac4=
github.com/szammyboi/BitExport v0.0.0-20230720022338-44195300c91f h1:De8r+f0g0L+lIycj6P0Tvclc9wEOjixDWmPy3K0B2Ug=
github.com/szammyboi/BitExport v0.0.0-20230720022338-44195300c91f/go.mod h1:AUtbsLt/oDqNEtvZNybZPN10gzE2dou+Czui4rVFAuQ=
